
Microsoft Visual Studio Solution File, Format Version 12.00
# Visual Studio 2015
Project("{FAE04EC0-301F-11D3-BF4B-00C04F79EFBC}") = "UnityVS.Proof of Concept 2D Tower Defense.CSharp", "UnityVS.Proof of Concept 2D Tower Defense.CSharp.csproj", "{58C52A1B-0F5F-8540-550E-30BAD23B809C}"
EndProject
Global
	GlobalSection(SolutionConfigurationPlatforms) = preSolution
		Debug|Any CPU = Debug|Any CPU
		Release|Any CPU = Release|Any CPU
	EndGlobalSection
	GlobalSection(ProjectConfigurationPlatforms) = postSolution
		{58C52A1B-0F5F-8540-550E-30BAD23B809C}.Debug|Any CPU.ActiveCfg = Debug|Any CPU
		{58C52A1B-0F5F-8540-550E-30BAD23B809C}.Debug|Any CPU.Build.0 = Debug|Any CPU
		{58C52A1B-0F5F-8540-550E-30BAD23B809C}.Release|Any CPU.ActiveCfg = Release|Any CPU
		{58C52A1B-0F5F-8540-550E-30BAD23B809C}.Release|Any CPU.Build.0 = Release|Any CPU
	EndGlobalSection
	GlobalSection(SolutionProperties) = preSolution
		HideSolutionNode = FALSE
	EndGlobalSection
EndGlobal
